
Microsoft Visual Studio Solution File, Format Version 12.00
# Visual Studio Version 17
VisualStudioVersion = 17.8.34601.278
MinimumVisualStudioVersion = 10.0.40219.1
Project("{FAE04EC0-301F-11D3-BF4B-00C04F79EFBC}") = "Calculator", "Calculator\Calculator.csproj", "{1EFF0C28-7CB1-46D1-A2D3-39E28F899A41}"
EndProject
Project("{FAE04EC0-301F-11D3-BF4B-00C04F79EFBC}") = "Calculator.Shared", "Calculator.Shared\Calculator.Shared.csproj", "{B4AF5A15-A9A1-4868-93D0-775B48DB4F88}"
EndProject
Global
	GlobalSection(SolutionConfigurationPlatforms) = preSolution
		Debug|Any CPU = Debug|Any CPU
		Release|Any CPU = Release|Any CPU
	EndGlobalSection
	GlobalSection(ProjectConfigurationPlatforms) = postSolution
		{1EFF0C28-7CB1-46D1-A2D3-39E28F899A41}.Debug|Any CPU.ActiveCfg = Debug|Any CPU
		{1EFF0C28-7CB1-46D1-A2D3-39E28F899A41}.Debug|Any CPU.Build.0 = Debug|Any CPU
		{1EFF0C28-7CB1-46D1-A2D3-39E28F899A41}.Debug|Any CPU.Deploy.0 = Debug|Any CPU
		{1EFF0C28-7CB1-46D1-A2D3-39E28F899A41}.Release|Any CPU.ActiveCfg = Release|Any CPU
		{1EFF0C28-7CB1-46D1-A2D3-39E28F899A41}.Release|Any CPU.Build.0 = Release|Any CPU
		{1EFF0C28-7CB1-46D1-A2D3-39E28F899A41}.Release|Any CPU.Deploy.0 = Release|Any CPU
		{B4AF5A15-A9A1-4868-93D0-775B48DB4F88}.Debug|Any CPU.ActiveCfg = Debug|Any CPU
		{B4AF5A15-A9A1-4868-93D0-775B48DB4F88}.Debug|Any CPU.Build.0 = Debug|Any CPU
		{B4AF5A15-A9A1-4868-93D0-775B48DB4F88}.Release|Any CPU.ActiveCfg = Release|Any CPU
		{B4AF5A15-A9A1-4868-93D0-775B48DB4F88}.Release|Any CPU.Build.0 = Release|Any CPU
	EndGlobalSection
	GlobalSection(SolutionProperties) = preSolution
		HideSolutionNode = FALSE
	EndGlobalSection
	GlobalSection(ExtensibilityGlobals) = postSolution
		SolutionGuid = {5F696448-FB0B-4A2F-A14D-31E5B7E7BF03}
	EndGlobalSection
EndGlobal
